
Microsoft Visual Studio Solution File, Format Version 12.00
# Visual Studio Version 16
VisualStudioVersion = 16.0.31702.278
MinimumVisualStudioVersion = 10.0.40219.1
Project("{FAE04EC0-301F-11D3-BF4B-00C04F79EFBC}") = "OkulOtomasyonu", "OkulOtomasyonu\OkulOtomasyonu.csproj", "{4715F805-67F8-4B30-AAA7-38C563037BD7}"
EndProject
Global
	GlobalSection(SolutionConfigurationPlatforms) = preSolution
		Debug|Any CPU = Debug|Any CPU
		Release|Any CPU = Release|Any CPU
	EndGlobalSection
	GlobalSection(ProjectConfigurationPlatforms) = postSolution
		{4715F805-67F8-4B30-AAA7-38C563037BD7}.Debug|Any CPU.ActiveCfg = Debug|Any CPU
		{4715F805-67F8-4B30-AAA7-38C563037BD7}.Debug|Any CPU.Build.0 = Debug|Any CPU
		{4715F805-67F8-4B30-AAA7-38C563037BD7}.Release|Any CPU.ActiveCfg = Release|Any CPU
		{4715F805-67F8-4B30-AAA7-38C563037BD7}.Release|Any CPU.Build.0 = Release|Any CPU
	EndGlobalSection
	GlobalSection(SolutionProperties) = preSolution
		HideSolutionNode = FALSE
	EndGlobalSection
	GlobalSection(ExtensibilityGlobals) = postSolution
		SolutionGuid = {C07AC965-D8A7-4EAA-9CD0-855334CD82D9}
	EndGlobalSection
EndGlobal
